<?xml version="1.0" encoding="utf-8"?>
<Project ToolsVersion="4.0" xmlns="http://schemas.microsoft.com/developer/msbuild/2003">
  <ItemGroup>
    <Filter Include="Source Files">
      <UniqueIdentifier>{e2892e66-f6f8-42b9-8d80-6a2e5c00bc72}</UniqueIdentifier>
      <Extensions>cpp;c;cxx;rc;def;r;odl;idl;hpj;bat</Extensions>
    </Filter>
    <Filter Include="Header Files">
      <UniqueIdentifier>{9ec7866e-e071-4f5b-8b2b-19f5b046369d}</UniqueIdentifier>
      <Extensions>h;hpp;hxx;hm;inl</Extensions>
    </Filter>
    <Filter Include="Resource Files">
      <UniqueIdentifier>{3bec5b5c-52b4-4457-8726-79aaba80b97d}</UniqueIdentifier>
      <Extensions>ico;cur;bmp;dlg;rc2;rct;bin;rgs;gif;jpg;jpeg;jpe</Extensions>
    </Filter>
  </ItemGroup>
  <ItemGroup>
    <ClInclude Include="goldsrc_bspfile.h">
      <Filter>Source Files</Filter>
    </ClInclude>
    <ClInclude Include="goldsrc_standin.h">
      <Filter>Source Files</Filter>
    </ClInclude>
    <ClInclude Include="lbmlib.h">
      <Filter>Source Files</Filter>
    </ClInclude>
    <ClInclude Include="wadlib.h">
      <Filter>Source Files</Filter>
    </ClInclude>
    <ClInclude Include="resource.h">
      <Filter>Resource Files</Filter>
    </ClInclude>
  </ItemGroup>
  <ItemGroup>
    <ClCompile Include="goldsrc_standin.cpp">
      <Filter>Source Files</Filter>
    </ClCompile>
    <ClCompile Include="lbmlib.cpp">
      <Filter>Source Files</Filter>
    </ClCompile>
    <ClCompile Include="wadlib.cpp">
      <Filter>Source Files</Filter>
    </ClCompile>
    <ClCompile Include="xwad.cpp">
      <Filter>Source Files</Filter>
    </ClCompile>
  </ItemGroup>
  <ItemGroup>
    <ResourceCompile Include="..\..\build\win\resource_scripts\windows_app_base.rc">
      <Filter>Resource Files</Filter>
    </ResourceCompile>
  </ItemGroup>
</Project>